{
    "_readme": [
        "This file locks the dependencies of your project to a known state",
        "Read more about it at https://getcomposer.org/doc/01-basic-usage.md#installing-dependencies",
        "This file is @generated automatically"
    ],
    "content-hash": "f30f7a495413747230ae9aad7bb53e1c",
    "packages": [],
    "packages-dev": [
        {
            "name": "dg/ftp-deployment",
            "version": "v3.3.0",
            "source": {
                "type": "git",
                "url": "https://github.com/dg/ftp-deployment.git",
                "reference": "c42d38404131193eec4f7acc4c74f026cb2a0dea"
            },
            "dist": {
                "type": "zip",
                "url": "https://api.github.com/repos/dg/ftp-deployment/zipball/c42d38404131193eec4f7acc4c74f026cb2a0dea",
                "reference": "c42d38404131193eec4f7acc4c74f026cb2a0dea",
                "shasum": ""
            },
            "require": {
                "ext-zlib": "*",
                "php": ">=7.1"
            },
            "require-dev": {
                "nette/tester": "^2.0",
                "phpstan/phpstan": "^0.12"
            },
            "suggest": {
                "ext-ftp": "to connect to ftp:// server",
                "ext-json": "to preprocess CSS files via online service",
                "ext-openssl": "to connect to ftps:// server and preprocess CSS files",
                "ext-ssh2": "to connect to sftp:// server"
            },
            "bin": [
                "deployment"
            ],
            "type": "project",
            "extra": {
                "branch-alias": {
                    "dev-master": "3.0-dev"
                }
            },
            "autoload": {
                "classmap": [
                    "src/"
                ]
            },
            "notification-url": "https://packagist.org/downloads/",
            "license": [
                "BSD-3-Clause",
                "GPL-2.0",
                "GPL-3.0"
            ],
            "authors": [
                {
                    "name": "David Grudl",
                    "homepage": "https://davidgrudl.com"
                }
            ],
            "description": "A tool for automated deployment of web applications to an FTP server.",
            "homepage": "https://github.com/dg/ftp-deployment",
            "keywords": [
                "deployment",
                "ftp",
                "ssh"
            ],
            "time": "2020-01-02T21:48:30+00:00"
        }
    ],
    "aliases": [],
    "minimum-stability": "stable",
    "stability-flags": [],
    "prefer-stable": false,
    "prefer-lowest": false,
    "platform": {
        "php": ">= 7.3"
    },
    "platform-dev": []
}
